
Microsoft Visual Studio Solution File, Format Version 12.00
# Visual Studio 2013
VisualStudioVersion = 12.0.40629.0
MinimumVisualStudioVersion = 10.0.40219.1
Project("{FAE04EC0-301F-11D3-BF4B-00C04F79EFBC}") = "Notepad", "Notepad\Notepad.csproj", "{A1B8A30F-3921-4BAD-80CC-7A11B5CF3290}"
EndProject
Global
	GlobalSection(SolutionConfigurationPlatforms) = preSolution
		Debug|Any CPU = Debug|Any CPU
		Release|Any CPU = Release|Any CPU
	EndGlobalSection
	GlobalSection(ProjectConfigurationPlatforms) = postSolution
		{A1B8A30F-3921-4BAD-80CC-7A11B5CF3290}.Debug|Any CPU.ActiveCfg = Debug|Any CPU
		{A1B8A30F-3921-4BAD-80CC-7A11B5CF3290}.Debug|Any CPU.Build.0 = Debug|Any CPU
		{A1B8A30F-3921-4BAD-80CC-7A11B5CF3290}.Release|Any CPU.ActiveCfg = Release|Any CPU
		{A1B8A30F-3921-4BAD-80CC-7A11B5CF3290}.Release|Any CPU.Build.0 = Release|Any CPU
	EndGlobalSection
	GlobalSection(SolutionProperties) = preSolution
		HideSolutionNode = FALSE
	EndGlobalSection
EndGlobal
